
Microsoft Visual Studio Solution File, Format Version 12.00
# Visual Studio Version 17
VisualStudioVersion = 17.2.32602.215
MinimumVisualStudioVersion = 10.0.40219.1
Project("{FAE04EC0-301F-11D3-BF4B-00C04F79EFBC}") = "more-geometric-shapes", "more-geometric-shapes\more-geometric-shapes.csproj", "{A50F7C5E-EABA-4F94-AAB0-B99E0CF7D703}"
EndProject
Global
	GlobalSection(SolutionConfigurationPlatforms) = preSolution
		Debug|Any CPU = Debug|Any CPU
		Release|Any CPU = Release|Any CPU
	EndGlobalSection
	GlobalSection(ProjectConfigurationPlatforms) = postSolution
		{A50F7C5E-EABA-4F94-AAB0-B99E0CF7D703}.Debug|Any CPU.ActiveCfg = Debug|Any CPU
		{A50F7C5E-EABA-4F94-AAB0-B99E0CF7D703}.Debug|Any CPU.Build.0 = Debug|Any CPU
		{A50F7C5E-EABA-4F94-AAB0-B99E0CF7D703}.Release|Any CPU.ActiveCfg = Release|Any CPU
		{A50F7C5E-EABA-4F94-AAB0-B99E0CF7D703}.Release|Any CPU.Build.0 = Release|Any CPU
	EndGlobalSection
	GlobalSection(SolutionProperties) = preSolution
		HideSolutionNode = FALSE
	EndGlobalSection
	GlobalSection(ExtensibilityGlobals) = postSolution
		SolutionGuid = {BDD3FE5D-EB5C-4799-A8FB-7A0AE799B18D}
	EndGlobalSection
EndGlobal
